// !$*UTF8*$!
{
	archiveVersion = 1;
	classes = {
	};
	objectVersion = 56;
	objects = {

/* Begin PBXBuildFile section */
		207AC6EA2B26C5C800D3A340 /* MyMissionListView.swift in Sources */ = {isa = PBXBuildFile; fileRef = 207AC6E92B26C5C800D3A340 /* MyMissionListView.swift */; };
		20A8DA3B2B26C69B00E306D2 /* MyMissionList.swift in Sources */ = {isa = PBXBuildFile; fileRef = 20A8DA3A2B26C69B00E306D2 /* MyMissionList.swift */; };
		20A8DA3F2B26C74A00E306D2 /* Mission.swift in Sources */ = {isa = PBXBuildFile; fileRef = 20A8DA3E2B26C74900E306D2 /* Mission.swift */; };
		20A8DA412B26C7EC00E306D2 /* MissionStore.swift in Sources */ = {isa = PBXBuildFile; fileRef = 20A8DA402B26C7EC00E306D2 /* MissionStore.swift */; };
		20A8DA432B26C81900E306D2 /* MissionDataLoad.swift in Sources */ = {isa = PBXBuildFile; fileRef = 20A8DA422B26C81900E306D2 /* MissionDataLoad.swift */; };
		20A8DA452B26CA8300E306D2 /* MyMissionDetailView.swift in Sources */ = {isa = PBXBuildFile; fileRef = 20A8DA442B26CA8300E306D2 /* MyMissionDetailView.swift */; };
		20A8DA482B26CAE700E306D2 /* MyMissionCameraView.swift in Sources */ = {isa = PBXBuildFile; fileRef = 20A8DA472B26CAE700E306D2 /* MyMissionCameraView.swift */; };
		20A8DA4A2B26CB0A00E306D2 /* CameraButtonView.swift in Sources */ = {isa = PBXBuildFile; fileRef = 20A8DA492B26CB0A00E306D2 /* CameraButtonView.swift */; };
		20A8DA4C2B26CB2700E306D2 /* ImagePicker.swift in Sources */ = {isa = PBXBuildFile; fileRef = 20A8DA4B2B26CB2700E306D2 /* ImagePicker.swift */; };
		20A8DA4E2B26CC7800E306D2 /* missionData.json in Resources */ = {isa = PBXBuildFile; fileRef = 20A8DA4D2B26CC7800E306D2 /* missionData.json */; };
		F71B53B02B2591F0001AA4EC /* MyPageView.swift in Sources */ = {isa = PBXBuildFile; fileRef = F71B53AF2B2591F0001AA4EC /* MyPageView.swift */; };
		F71B53B52B25A023001AA4EC /* PointHistoryView.swift in Sources */ = {isa = PBXBuildFile; fileRef = F71B53B42B25A023001AA4EC /* PointHistoryView.swift */; };
		F71B53B82B25A937001AA4EC /* PointExchangeView.swift in Sources */ = {isa = PBXBuildFile; fileRef = F71B53B72B25A937001AA4EC /* PointExchangeView.swift */; };
		F71B53BB2B25A961001AA4EC /* QnAView.swift in Sources */ = {isa = PBXBuildFile; fileRef = F71B53BA2B25A961001AA4EC /* QnAView.swift */; };
		F71B53BD2B25A985001AA4EC /* EmailInquiryView.swift in Sources */ = {isa = PBXBuildFile; fileRef = F71B53BC2B25A985001AA4EC /* EmailInquiryView.swift */; };
		F71B53BF2B25BC0B001AA4EC /* ModifyProfileView.swift in Sources */ = {isa = PBXBuildFile; fileRef = F71B53BE2B25BC0B001AA4EC /* ModifyProfileView.swift */; };
		F77E70232B21A90500B2CD37 /* DotripApp.swift in Sources */ = {isa = PBXBuildFile; fileRef = F77E70222B21A90500B2CD37 /* DotripApp.swift */; };
		F77E70252B21A90500B2CD37 /* ContentView.swift in Sources */ = {isa = PBXBuildFile; fileRef = F77E70242B21A90500B2CD37 /* ContentView.swift */; };
		F77E70272B21A90600B2CD37 /* Assets.xcassets in Resources */ = {isa = PBXBuildFile; fileRef = F77E70262B21A90600B2CD37 /* Assets.xcassets */; };
		F77E702A2B21A90600B2CD37 /* Preview Assets.xcassets in Resources */ = {isa = PBXBuildFile; fileRef = F77E70292B21A90600B2CD37 /* Preview Assets.xcassets */; };
/* End PBXBuildFile section */

/* Begin PBXFileReference section */
		207AC6E92B26C5C800D3A340 /* MyMissionListView.swift */ = {isa = PBXFileReference; lastKnownFileType = sourcecode.swift; path = MyMissionListView.swift; sourceTree = "<group>"; };
		20A8DA3A2B26C69B00E306D2 /* MyMissionList.swift */ = {isa = PBXFileReference; lastKnownFileType = sourcecode.swift; path = MyMissionList.swift; sourceTree = "<group>"; };
		20A8DA3E2B26C74900E306D2 /* Mission.swift */ = {isa = PBXFileReference; lastKnownFileType = sourcecode.swift; path = Mission.swift; sourceTree = "<group>"; };
		20A8DA402B26C7EC00E306D2 /* MissionStore.swift */ = {isa = PBXFileReference; lastKnownFileType = sourcecode.swift; path = MissionStore.swift; sourceTree = "<group>"; };
		20A8DA422B26C81900E306D2 /* MissionDataLoad.swift */ = {isa = PBXFileReference; lastKnownFileType = sourcecode.swift; path = MissionDataLoad.swift; sourceTree = "<group>"; };
		20A8DA442B26CA8300E306D2 /* MyMissionDetailView.swift */ = {isa = PBXFileReference; lastKnownFileType = sourcecode.swift; path = MyMissionDetailView.swift; sourceTree = "<group>"; };
		20A8DA472B26CAE700E306D2 /* MyMissionCameraView.swift */ = {isa = PBXFileReference; lastKnownFileType = sourcecode.swift; path = MyMissionCameraView.swift; sourceTree = "<group>"; };
		20A8DA492B26CB0A00E306D2 /* CameraButtonView.swift */ = {isa = PBXFileReference; lastKnownFileType = sourcecode.swift; path = CameraButtonView.swift; sourceTree = "<group>"; };
		20A8DA4B2B26CB2700E306D2 /* ImagePicker.swift */ = {isa = PBXFileReference; lastKnownFileType = sourcecode.swift; path = ImagePicker.swift; sourceTree = "<group>"; };
		20A8DA4D2B26CC7800E306D2 /* missionData.json */ = {isa = PBXFileReference; lastKnownFileType = text.json; path = missionData.json; sourceTree = "<group>"; };
		F71B53AF2B2591F0001AA4EC /* MyPageView.swift */ = {isa = PBXFileReference; lastKnownFileType = sourcecode.swift; path = MyPageView.swift; sourceTree = "<group>"; };
		F71B53B42B25A023001AA4EC /* PointHistoryView.swift */ = {isa = PBXFileReference; lastKnownFileType = sourcecode.swift; path = PointHistoryView.swift; sourceTree = "<group>"; };
		F71B53B72B25A937001AA4EC /* PointExchangeView.swift */ = {isa = PBXFileReference; lastKnownFileType = sourcecode.swift; path = PointExchangeView.swift; sourceTree = "<group>"; };
		F71B53BA2B25A961001AA4EC /* QnAView.swift */ = {isa = PBXFileReference; lastKnownFileType = sourcecode.swift; path = QnAView.swift; sourceTree = "<group>"; };
		F71B53BC2B25A985001AA4EC /* EmailInquiryView.swift */ = {isa = PBXFileReference; lastKnownFileType = sourcecode.swift; path = EmailInquiryView.swift; sourceTree = "<group>"; };
		F71B53BE2B25BC0B001AA4EC /* ModifyProfileView.swift */ = {isa = PBXFileReference; lastKnownFileType = sourcecode.swift; path = ModifyProfileView.swift; sourceTree = "<group>"; };
		F77E701F2B21A90500B2CD37 /* Dotrip.app */ = {isa = PBXFileReference; explicitFileType = wrapper.application; includeInIndex = 0; path = Dotrip.app; sourceTree = BUILT_PRODUCTS_DIR; };
		F77E70222B21A90500B2CD37 /* DotripApp.swift */ = {isa = PBXFileReference; lastKnownFileType = sourcecode.swift; path = DotripApp.swift; sourceTree = "<group>"; };
		F77E70242B21A90500B2CD37 /* ContentView.swift */ = {isa = PBXFileReference; lastKnownFileType = sourcecode.swift; path = ContentView.swift; sourceTree = "<group>"; };
		F77E70262B21A90600B2CD37 /* Assets.xcassets */ = {isa = PBXFileReference; lastKnownFileType = folder.assetcatalog; path = Assets.xcassets; sourceTree = "<group>"; };
		F77E70292B21A90600B2CD37 /* Preview Assets.xcassets */ = {isa = PBXFileReference; lastKnownFileType = folder.assetcatalog; path = "Preview Assets.xcassets"; sourceTree = "<group>"; };
/* End PBXFileReference section */

/* Begin PBXFrameworksBuildPhase section */
		F77E701C2B21A90500B2CD37 /* Frameworks */ = {
			isa = PBXFrameworksBuildPhase;
			buildActionMask = 2147483647;
			files = (
			);
			runOnlyForDeploymentPostprocessing = 0;
		};
/* End PBXFrameworksBuildPhase section */

/* Begin PBXGroup section */
		207AC6E82B26C59B00D3A340 /* MyMission */ = {
			isa = PBXGroup;
			children = (
				20A8DA462B26CAAC00E306D2 /* Camera */,
				20A8DA392B26C65700E306D2 /* MissionData */,
				207AC6E92B26C5C800D3A340 /* MyMissionListView.swift */,
				20A8DA442B26CA8300E306D2 /* MyMissionDetailView.swift */,
				20A8DA3A2B26C69B00E306D2 /* MyMissionList.swift */,
			);
			path = MyMission;
			sourceTree = "<group>";
		};
		20A8DA392B26C65700E306D2 /* MissionData */ = {
			isa = PBXGroup;
			children = (
				20A8DA3E2B26C74900E306D2 /* Mission.swift */,
				20A8DA402B26C7EC00E306D2 /* MissionStore.swift */,
				20A8DA422B26C81900E306D2 /* MissionDataLoad.swift */,
				20A8DA4D2B26CC7800E306D2 /* missionData.json */,
			);
			path = MissionData;
			sourceTree = "<group>";
		};
		20A8DA462B26CAAC00E306D2 /* Camera */ = {
			isa = PBXGroup;
			children = (
				20A8DA472B26CAE700E306D2 /* MyMissionCameraView.swift */,
				20A8DA4B2B26CB2700E306D2 /* ImagePicker.swift */,
				20A8DA492B26CB0A00E306D2 /* CameraButtonView.swift */,
			);
			path = Camera;
			sourceTree = "<group>";
		};
		F71B53B32B259C13001AA4EC /* MyPage */ = {
			isa = PBXGroup;
			children = (
				F71B53AF2B2591F0001AA4EC /* MyPageView.swift */,
				F71B53BE2B25BC0B001AA4EC /* ModifyProfileView.swift */,
				F71B53B62B25A8D8001AA4EC /* MyPageList */,
			);
			path = MyPage;
			sourceTree = "<group>";
		};
		F71B53B62B25A8D8001AA4EC /* MyPageList */ = {
			isa = PBXGroup;
			children = (
				F71B53B42B25A023001AA4EC /* PointHistoryView.swift */,
				F71B53B72B25A937001AA4EC /* PointExchangeView.swift */,
				F71B53BA2B25A961001AA4EC /* QnAView.swift */,
				F71B53BC2B25A985001AA4EC /* EmailInquiryView.swift */,
			);
			path = MyPageList;
			sourceTree = "<group>";
		};
		F77E70162B21A90500B2CD37 = {
			isa = PBXGroup;
			children = (
				F77E70212B21A90500B2CD37 /* Dotrip */,
				F77E70202B21A90500B2CD37 /* Products */,
			);
			sourceTree = "<group>";
		};
		F77E70202B21A90500B2CD37 /* Products */ = {
			isa = PBXGroup;
			children = (
				F77E701F2B21A90500B2CD37 /* Dotrip.app */,
			);
			name = Products;
			sourceTree = "<group>";
		};
		F77E70212B21A90500B2CD37 /* Dotrip */ = {
			isa = PBXGroup;
			children = (
				F77E70302B21AE5900B2CD37 /* Models */,
				F77E70312B21AE6500B2CD37 /* Views */,
				F77E70322B21AE6E00B2CD37 /* Controllers */,
				F77E70222B21A90500B2CD37 /* DotripApp.swift */,
				F77E70242B21A90500B2CD37 /* ContentView.swift */,
				F77E70262B21A90600B2CD37 /* Assets.xcassets */,
				F77E70282B21A90600B2CD37 /* Preview Content */,
			);
			path = Dotrip;
			sourceTree = "<group>";
		};
		F77E70282B21A90600B2CD37 /* Preview Content */ = {
			isa = PBXGroup;
			children = (
				F77E70292B21A90600B2CD37 /* Preview Assets.xcassets */,
			);
			path = "Preview Content";
			sourceTree = "<group>";
		};
		F77E70302B21AE5900B2CD37 /* Models */ = {
			isa = PBXGroup;
			children = (
				F77E70352B21B6BD00B2CD37 /* CoreData */,
			);
			path = Models;
			sourceTree = "<group>";
		};
		F77E70312B21AE6500B2CD37 /* Views */ = {
			isa = PBXGroup;
			children = (
				207AC6E82B26C59B00D3A340 /* MyMission */,
				F71B53B32B259C13001AA4EC /* MyPage */,
			);
			path = Views;
			sourceTree = "<group>";
		};
		F77E70322B21AE6E00B2CD37 /* Controllers */ = {
			isa = PBXGroup;
			children = (
			);
			path = Controllers;
			sourceTree = "<group>";
		};
		F77E70352B21B6BD00B2CD37 /* CoreData */ = {
			isa = PBXGroup;
			children = (
			);
			path = CoreData;
			sourceTree = "<group>";
		};
/* End PBXGroup section */

/* Begin PBXNativeTarget section */
		F77E701E2B21A90500B2CD37 /* Dotrip */ = {
			isa = PBXNativeTarget;
			buildConfigurationList = F77E702D2B21A90600B2CD37 /* Build configuration list for PBXNativeTarget "Dotrip" */;
			buildPhases = (
				F77E701B2B21A90500B2CD37 /* Sources */,
				F77E701C2B21A90500B2CD37 /* Frameworks */,
				F77E701D2B21A90500B2CD37 /* Resources */,
			);
			buildRules = (
			);
			dependencies = (
			);
			name = Dotrip;
			productName = Dotrip;
			productReference = F77E701F2B21A90500B2CD37 /* Dotrip.app */;
			productType = "com.apple.product-type.application";
		};
/* End PBXNativeTarget section */

/* Begin PBXProject section */
		F77E70172B21A90500B2CD37 /* Project object */ = {
			isa = PBXProject;
			attributes = {
				BuildIndependentTargetsInParallel = 1;
				LastSwiftUpdateCheck = 1500;
				LastUpgradeCheck = 1500;
				TargetAttributes = {
					F77E701E2B21A90500B2CD37 = {
						CreatedOnToolsVersion = 15.0.1;
					};
				};
			};
			buildConfigurationList = F77E701A2B21A90500B2CD37 /* Build configuration list for PBXProject "Dotrip" */;
			compatibilityVersion = "Xcode 14.0";
			developmentRegion = en;
			hasScannedForEncodings = 0;
			knownRegions = (
				en,
				Base,
			);
			mainGroup = F77E70162B21A90500B2CD37;
			productRefGroup = F77E70202B21A90500B2CD37 /* Products */;
			projectDirPath = "";
			projectRoot = "";
			targets = (
				F77E701E2B21A90500B2CD37 /* Dotrip */,
			);
		};
/* End PBXProject section */

/* Begin PBXResourcesBuildPhase section */
		F77E701D2B21A90500B2CD37 /* Resources */ = {
			isa = PBXResourcesBuildPhase;
			buildActionMask = 2147483647;
			files = (
				F77E702A2B21A90600B2CD37 /* Preview Assets.xcassets in Resources */,
				20A8DA4E2B26CC7800E306D2 /* missionData.json in Resources */,
				F77E70272B21A90600B2CD37 /* Assets.xcassets in Resources */,
			);
			runOnlyForDeploymentPostprocessing = 0;
		};
/* End PBXResourcesBuildPhase section */

/* Begin PBXSourcesBuildPhase section */
		F77E701B2B21A90500B2CD37 /* Sources */ = {
			isa = PBXSourcesBuildPhase;
			buildActionMask = 2147483647;
			files = (
				20A8DA3F2B26C74A00E306D2 /* Mission.swift in Sources */,
				20A8DA4A2B26CB0A00E306D2 /* CameraButtonView.swift in Sources */,
				F71B53B82B25A937001AA4EC /* PointExchangeView.swift in Sources */,
				20A8DA4C2B26CB2700E306D2 /* ImagePicker.swift in Sources */,
				F71B53BF2B25BC0B001AA4EC /* ModifyProfileView.swift in Sources */,
				F71B53BB2B25A961001AA4EC /* QnAView.swift in Sources */,
				F77E70252B21A90500B2CD37 /* ContentView.swift in Sources */,
				20A8DA432B26C81900E306D2 /* MissionDataLoad.swift in Sources */,
				F71B53B02B2591F0001AA4EC /* MyPageView.swift in Sources */,
				F71B53BD2B25A985001AA4EC /* EmailInquiryView.swift in Sources */,
				20A8DA452B26CA8300E306D2 /* MyMissionDetailView.swift in Sources */,
				20A8DA3B2B26C69B00E306D2 /* MyMissionList.swift in Sources */,
				20A8DA412B26C7EC00E306D2 /* MissionStore.swift in Sources */,
				F71B53B52B25A023001AA4EC /* PointHistoryView.swift in Sources */,
				20A8DA482B26CAE700E306D2 /* MyMissionCameraView.swift in Sources */,
				207AC6EA2B26C5C800D3A340 /* MyMissionListView.swift in Sources */,
				F77E70232B21A90500B2CD37 /* DotripApp.swift in Sources */,
			);
			runOnlyForDeploymentPostprocessing = 0;
		};
/* End PBXSourcesBuildPhase section */

/* Begin XCBuildConfiguration section */
		F77E702B2B21A90600B2CD37 /* Debug */ = {
			isa = XCBuildConfiguration;
			buildSettings = {
				ALWAYS_SEARCH_USER_PATHS = NO;
				ASSETCATALOG_COMPILER_GENERATE_SWIFT_ASSET_SYMBOL_EXTENSIONS = YES;
				CLANG_ANALYZER_NONNULL = YES;
				CLANG_ANALYZER_NUMBER_OBJECT_CONVERSION = YES_AGGRESSIVE;
				CLANG_CXX_LANGUAGE_STANDARD = "gnu++20";
				CLANG_ENABLE_MODULES = YES;
				CLANG_ENABLE_OBJC_ARC = YES;
				CLANG_ENABLE_OBJC_WEAK = YES;
				CLANG_WARN_BLOCK_CAPTURE_AUTORELEASING = YES;
				CLANG_WARN_BOOL_CONVERSION = YES;
				CLANG_WARN_COMMA = YES;
				CLANG_WARN_CONSTANT_CONVERSION = YES;
				CLANG_WARN_DEPRECATED_OBJC_IMPLEMENTATIONS = YES;
				CLANG_WARN_DIRECT_OBJC_ISA_USAGE = YES_ERROR;
				CLANG_WARN_DOCUMENTATION_COMMENTS = YES;
				CLANG_WARN_EMPTY_BODY = YES;
				CLANG_WARN_ENUM_CONVERSION = YES;
				CLANG_WARN_INFINITE_RECURSION = YES;
				CLANG_WARN_INT_CONVERSION = YES;
				CLANG_WARN_NON_LITERAL_NULL_CONVERSION = YES;
				CLANG_WARN_OBJC_IMPLICIT_RETAIN_SELF = YES;
				CLANG_WARN_OBJC_LITERAL_CONVERSION = YES;
				CLANG_WARN_OBJC_ROOT_CLASS = YES_ERROR;
				CLANG_WARN_QUOTED_INCLUDE_IN_FRAMEWORK_HEADER = YES;
				CLANG_WARN_RANGE_LOOP_ANALYSIS = YES;
				CLANG_WARN_STRICT_PROTOTYPES = YES;
				CLANG_WARN_SUSPICIOUS_MOVE = YES;
				CLANG_WARN_UNGUARDED_AVAILABILITY = YES_AGGRESSIVE;
				CLANG_WARN_UNREACHABLE_CODE = YES;
				CLANG_WARN__DUPLICATE_METHOD_MATCH = YES;
				COPY_PHASE_STRIP = NO;
				DEBUG_INFORMATION_FORMAT = dwarf;
				ENABLE_STRICT_OBJC_MSGSEND = YES;
				ENABLE_TESTABILITY = YES;
				ENABLE_USER_SCRIPT_SANDBOXING = YES;
				GCC_C_LANGUAGE_STANDARD = gnu17;
				GCC_DYNAMIC_NO_PIC = NO;
				GCC_NO_COMMON_BLOCKS = YES;
				GCC_OPTIMIZATION_LEVEL = 0;
				GCC_PREPROCESSOR_DEFINITIONS = (
					"DEBUG=1",
					"$(inherited)",
				);
				GCC_WARN_64_TO_32_BIT_CONVERSION = YES;
				GCC_WARN_ABOUT_RETURN_TYPE = YES_ERROR;
				GCC_WARN_UNDECLARED_SELECTOR = YES;
				GCC_WARN_UNINITIALIZED_AUTOS = YES_AGGRESSIVE;
				GCC_WARN_UNUSED_FUNCTION = YES;
				GCC_WARN_UNUSED_VARIABLE = YES;
				IPHONEOS_DEPLOYMENT_TARGET = 17.0;
				LOCALIZATION_PREFERS_STRING_CATALOGS = YES;
				MTL_ENABLE_DEBUG_INFO = INCLUDE_SOURCE;
				MTL_FAST_MATH = YES;
				ONLY_ACTIVE_ARCH = YES;
				SDKROOT = iphoneos;
				SWIFT_ACTIVE_COMPILATION_CONDITIONS = "DEBUG $(inherited)";
				SWIFT_OPTIMIZATION_LEVEL = "-Onone";
			};
			name = Debug;
		};
		F77E702C2B21A90600B2CD37 /* Release */ = {
			isa = XCBuildConfiguration;
			buildSettings = {
				ALWAYS_SEARCH_USER_PATHS = NO;
				ASSETCATALOG_COMPILER_GENERATE_SWIFT_ASSET_SYMBOL_EXTENSIONS = YES;
				CLANG_ANALYZER_NONNULL = YES;
				CLANG_ANALYZER_NUMBER_OBJECT_CONVERSION = YES_AGGRESSIVE;
				CLANG_CXX_LANGUAGE_STANDARD = "gnu++20";
				CLANG_ENABLE_MODULES = YES;
				CLANG_ENABLE_OBJC_ARC = YES;
				CLANG_ENABLE_OBJC_WEAK = YES;
				CLANG_WARN_BLOCK_CAPTURE_AUTORELEASING = YES;
				CLANG_WARN_BOOL_CONVERSION = YES;
				CLANG_WARN_COMMA = YES;
				CLANG_WARN_CONSTANT_CONVERSION = YES;
				CLANG_WARN_DEPRECATED_OBJC_IMPLEMENTATIONS = YES;
				CLANG_WARN_DIRECT_OBJC_ISA_USAGE = YES_ERROR;
				CLANG_WARN_DOCUMENTATION_COMMENTS = YES;
				CLANG_WARN_EMPTY_BODY = YES;
				CLANG_WARN_ENUM_CONVERSION = YES;
				CLANG_WARN_INFINITE_RECURSION = YES;
				CLANG_WARN_INT_CONVERSION = YES;
				CLANG_WARN_NON_LITERAL_NULL_CONVERSION = YES;
				CLANG_WARN_OBJC_IMPLICIT_RETAIN_SELF = YES;
				CLANG_WARN_OBJC_LITERAL_CONVERSION = YES;
				CLANG_WARN_OBJC_ROOT_CLASS = YES_ERROR;
				CLANG_WARN_QUOTED_INCLUDE_IN_FRAMEWORK_HEADER = YES;
				CLANG_WARN_RANGE_LOOP_ANALYSIS = YES;
				CLANG_WARN_STRICT_PROTOTYPES = YES;
				CLANG_WARN_SUSPICIOUS_MOVE = YES;
				CLANG_WARN_UNGUARDED_AVAILABILITY = YES_AGGRESSIVE;
				CLANG_WARN_UNREACHABLE_CODE = YES;
				CLANG_WARN__DUPLICATE_METHOD_MATCH = YES;
				COPY_PHASE_STRIP = NO;
				DEBUG_INFORMATION_FORMAT = "dwarf-with-dsym";
				ENABLE_NS_ASSERTIONS = NO;
				ENABLE_STRICT_OBJC_MSGSEND = YES;
				ENABLE_USER_SCRIPT_SANDBOXING = YES;
				GCC_C_LANGUAGE_STANDARD = gnu17;
				GCC_NO_COMMON_BLOCKS = YES;
				GCC_WARN_64_TO_32_BIT_CONVERSION = YES;
				GCC_WARN_ABOUT_RETURN_TYPE = YES_ERROR;
				GCC_WARN_UNDECLARED_SELECTOR = YES;
				GCC_WARN_UNINITIALIZED_AUTOS = YES_AGGRESSIVE;
				GCC_WARN_UNUSED_FUNCTION = YES;
				GCC_WARN_UNUSED_VARIABLE = YES;
				IPHONEOS_DEPLOYMENT_TARGET = 17.0;
				LOCALIZATION_PREFERS_STRING_CATALOGS = YES;
				MTL_ENABLE_DEBUG_INFO = NO;
				MTL_FAST_MATH = YES;
				SDKROOT = iphoneos;
				SWIFT_COMPILATION_MODE = wholemodule;
				VALIDATE_PRODUCT = YES;
			};
			name = Release;
		};
		F77E702E2B21A90600B2CD37 /* Debug */ = {
			isa = XCBuildConfiguration;
			buildSettings = {
				ASSETCATALOG_COMPILER_APPICON_NAME = AppIcon;
				ASSETCATALOG_COMPILER_GLOBAL_ACCENT_COLOR_NAME = AccentColor;
				CODE_SIGN_STYLE = Automatic;
				CURRENT_PROJECT_VERSION = 1;
				DEVELOPMENT_ASSET_PATHS = "\"Dotrip/Preview Content\"";
				ENABLE_PREVIEWS = YES;
				GENERATE_INFOPLIST_FILE = YES;
				INFOPLIST_KEY_UIApplicationSceneManifest_Generation = YES;
				INFOPLIST_KEY_UIApplicationSupportsIndirectInputEvents = YES;
				INFOPLIST_KEY_UILaunchScreen_Generation = YES;
				INFOPLIST_KEY_UISupportedInterfaceOrientations_iPad = "UIInterfaceOrientationPortrait UIInterfaceOrientationPortraitUpsideDown UIInterfaceOrientationLandscapeLeft UIInterfaceOrientationLandscapeRight";
				INFOPLIST_KEY_UISupportedInterfaceOrientations_iPhone = "UIInterfaceOrientationPortrait UIInterfaceOrientationLandscapeLeft UIInterfaceOrientationLandscapeRight";
				IPHONEOS_DEPLOYMENT_TARGET = 16.4;
				LD_RUNPATH_SEARCH_PATHS = (
					"$(inherited)",
					"@executable_path/Frameworks",
				);
				MARKETING_VERSION = 1.0;
				PRODUCT_BUNDLE_IDENTIFIER = com.hh.Dotrip;
				PRODUCT_NAME = "$(TARGET_NAME)";
				SWIFT_EMIT_LOC_STRINGS = YES;
				SWIFT_VERSION = 5.0;
				TARGETED_DEVICE_FAMILY = "1,2";
			};
			name = Debug;
		};
		F77E702F2B21A90600B2CD37 /* Release */ = {
			isa = XCBuildConfiguration;
			buildSettings = {
				ASSETCATALOG_COMPILER_APPICON_NAME = AppIcon;
				ASSETCATALOG_COMPILER_GLOBAL_ACCENT_COLOR_NAME = AccentColor;
				CODE_SIGN_STYLE = Automatic;
				CURRENT_PROJECT_VERSION = 1;
				DEVELOPMENT_ASSET_PATHS = "\"Dotrip/Preview Content\"";
				ENABLE_PREVIEWS = YES;
				GENERATE_INFOPLIST_FILE = YES;
				INFOPLIST_KEY_UIApplicationSceneManifest_Generation = YES;
				INFOPLIST_KEY_UIApplicationSupportsIndirectInputEvents = YES;
				INFOPLIST_KEY_UILaunchScreen_Generation = YES;
				INFOPLIST_KEY_UISupportedInterfaceOrientations_iPad = "UIInterfaceOrientationPortrait UIInterfaceOrientationPortraitUpsideDown UIInterfaceOrientationLandscapeLeft UIInterfaceOrientationLandscapeRight";
				INFOPLIST_KEY_UISupportedInterfaceOrientations_iPhone = "UIInterfaceOrientationPortrait UIInterfaceOrientationLandscapeLeft UIInterfaceOrientationLandscapeRight";
				IPHONEOS_DEPLOYMENT_TARGET = 16.4;
				LD_RUNPATH_SEARCH_PATHS = (
					"$(inherited)",
					"@executable_path/Frameworks",
				);
				MARKETING_VERSION = 1.0;
				PRODUCT_BUNDLE_IDENTIFIER = com.hh.Dotrip;
				PRODUCT_NAME = "$(TARGET_NAME)";
				SWIFT_EMIT_LOC_STRINGS = YES;
				SWIFT_VERSION = 5.0;
				TARGETED_DEVICE_FAMILY = "1,2";
			};
			name = Release;
		};
/* End XCBuildConfiguration section */

/* Begin XCConfigurationList section */
		F77E701A2B21A90500B2CD37 /* Build configuration list for PBXProject "Dotrip" */ = {
			isa = XCConfigurationList;
			buildConfigurations = (
				F77E702B2B21A90600B2CD37 /* Debug */,
				F77E702C2B21A90600B2CD37 /* Release */,
			);
			defaultConfigurationIsVisible = 0;
			defaultConfigurationName = Release;
		};
		F77E702D2B21A90600B2CD37 /* Build configuration list for PBXNativeTarget "Dotrip" */ = {
			isa = XCConfigurationList;
			buildConfigurations = (
				F77E702E2B21A90600B2CD37 /* Debug */,
				F77E702F2B21A90600B2CD37 /* Release */,
			);
			defaultConfigurationIsVisible = 0;
			defaultConfigurationName = Release;
		};
/* End XCConfigurationList section */
	};
	rootObject = F77E70172B21A90500B2CD37 /* Project object */;
}
