// !$*UTF8*$!
{
	archiveVersion = 1;
	classes = {
	};
	objectVersion = 56;
	objects = {

/* Begin PBXBuildFile section */
		207AC6EA2B26C5C800D3A340 /* MyMissionListView.swift in Sources */ = {isa = PBXBuildFile; fileRef = 207AC6E92B26C5C800D3A340 /* MyMissionListView.swift */; };
		20A8DA3B2B26C69B00E306D2 /* MyMissionList.swift in Sources */ = {isa = PBXBuildFile; fileRef = 20A8DA3A2B26C69B00E306D2 /* MyMissionList.swift */; };
		20A8DA3F2B26C74A00E306D2 /* Mission.swift in Sources */ = {isa = PBXBuildFile; fileRef = 20A8DA3E2B26C74900E306D2 /* Mission.swift */; };
		20A8DA412B26C7EC00E306D2 /* MissionStore.swift in Sources */ = {isa = PBXBuildFile; fileRef = 20A8DA402B26C7EC00E306D2 /* MissionStore.swift */; };
		20A8DA432B26C81900E306D2 /* MissionDataLoad.swift in Sources */ = {isa = PBXBuildFile; fileRef = 20A8DA422B26C81900E306D2 /* MissionDataLoad.swift */; };
		20A8DA452B26CA8300E306D2 /* MyMissionDetailView.swift in Sources */ = {isa = PBXBuildFile; fileRef = 20A8DA442B26CA8300E306D2 /* MyMissionDetailView.swift */; };
		20A8DA4A2B26CB0A00E306D2 /* CameraButtonView.swift in Sources */ = {isa = PBXBuildFile; fileRef = 20A8DA492B26CB0A00E306D2 /* CameraButtonView.swift */; };
		20A8DA4C2B26CB2700E306D2 /* ImagePicker.swift in Sources */ = {isa = PBXBuildFile; fileRef = 20A8DA4B2B26CB2700E306D2 /* ImagePicker.swift */; };
		20A8DA4E2B26CC7800E306D2 /* missionData.json in Resources */ = {isa = PBXBuildFile; fileRef = 20A8DA4D2B26CC7800E306D2 /* missionData.json */; };
		789730902B29333F002998D8 /* EventDetailView2.swift in Sources */ = {isa = PBXBuildFile; fileRef = 7897308F2B29333F002998D8 /* EventDetailView2.swift */; };
		78E7AEE32B294C4700933ECD /* ExpandableText in Frameworks */ = {isa = PBXBuildFile; productRef = 78E7AEE22B294C4700933ECD /* ExpandableText */; };
		970E70EB2B26FBB90005FCFE /* API_KEY.plist in Resources */ = {isa = PBXBuildFile; fileRef = 970E70EA2B26FBB90005FCFE /* API_KEY.plist */; };
		970E70F12B26FBEC0005FCFE /* EventInfoAPI.swift in Sources */ = {isa = PBXBuildFile; fileRef = 970E70ED2B26FBEC0005FCFE /* EventInfoAPI.swift */; };
		970E70F22B26FBEC0005FCFE /* TourKoreaAPI.swift in Sources */ = {isa = PBXBuildFile; fileRef = 970E70EE2B26FBEC0005FCFE /* TourKoreaAPI.swift */; };
		970E70F32B26FBEC0005FCFE /* GetAPIKey.swift in Sources */ = {isa = PBXBuildFile; fileRef = 970E70EF2B26FBEC0005FCFE /* GetAPIKey.swift */; };
		970E70F72B26FC090005FCFE /* MainPageView.swift in Sources */ = {isa = PBXBuildFile; fileRef = 970E70F62B26FC090005FCFE /* MainPageView.swift */; };
		970E70FB2B26FC1B0005FCFE /* EventDetailView.swift in Sources */ = {isa = PBXBuildFile; fileRef = 970E70F92B26FC1B0005FCFE /* EventDetailView.swift */; };
		970E70FC2B26FC1B0005FCFE /* SearchView.swift in Sources */ = {isa = PBXBuildFile; fileRef = 970E70FA2B26FC1B0005FCFE /* SearchView.swift */; };
		9741EE662B2A940100D2AD1C /* LoadingView.swift in Sources */ = {isa = PBXBuildFile; fileRef = 9741EE652B2A940100D2AD1C /* LoadingView.swift */; };
		9741EE682B2A99A300D2AD1C /* ColorExtension.swift in Sources */ = {isa = PBXBuildFile; fileRef = 9741EE672B2A99A300D2AD1C /* ColorExtension.swift */; };
		977C89BB2B2933F000E96816 /* TourData.swift in Sources */ = {isa = PBXBuildFile; fileRef = 977C89BA2B2933F000E96816 /* TourData.swift */; };
		977C89BE2B29340000E96816 /* RemoveHTMLTag.swift in Sources */ = {isa = PBXBuildFile; fileRef = 977C89BD2B29340000E96816 /* RemoveHTMLTag.swift */; };
		F71B53B02B2591F0001AA4EC /* MyPageView.swift in Sources */ = {isa = PBXBuildFile; fileRef = F71B53AF2B2591F0001AA4EC /* MyPageView.swift */; };
		F71B53BB2B25A961001AA4EC /* QnAView.swift in Sources */ = {isa = PBXBuildFile; fileRef = F71B53BA2B25A961001AA4EC /* QnAView.swift */; };
		F71B53BD2B25A985001AA4EC /* EmailInquiryView.swift in Sources */ = {isa = PBXBuildFile; fileRef = F71B53BC2B25A985001AA4EC /* EmailInquiryView.swift */; };
		F71B53BF2B25BC0B001AA4EC /* ModifyProfileView.swift in Sources */ = {isa = PBXBuildFile; fileRef = F71B53BE2B25BC0B001AA4EC /* ModifyProfileView.swift */; };
		F71B53C12B26C559001AA4EC /* ImagePicker2.swift in Sources */ = {isa = PBXBuildFile; fileRef = F71B53C02B26C559001AA4EC /* ImagePicker2.swift */; };
		F73E3C332B294D9E007005BF /* PointExchangeView.swift in Sources */ = {isa = PBXBuildFile; fileRef = F73E3C322B294D9E007005BF /* PointExchangeView.swift */; };
		F73E3C362B2972D1007005BF /* CafeView.swift in Sources */ = {isa = PBXBuildFile; fileRef = F73E3C352B2972D1007005BF /* CafeView.swift */; };
		F73E3C382B2972EC007005BF /* FastFoodView.swift in Sources */ = {isa = PBXBuildFile; fileRef = F73E3C372B2972EC007005BF /* FastFoodView.swift */; };
		F73E3C3A2B297302007005BF /* TheaterView.swift in Sources */ = {isa = PBXBuildFile; fileRef = F73E3C392B297302007005BF /* TheaterView.swift */; };
		F73E3C3C2B297309007005BF /* LeisureView.swift in Sources */ = {isa = PBXBuildFile; fileRef = F73E3C3B2B297309007005BF /* LeisureView.swift */; };
		F73E3C3E2B297311007005BF /* DiscountView.swift in Sources */ = {isa = PBXBuildFile; fileRef = F73E3C3D2B297311007005BF /* DiscountView.swift */; };
		F73E3C402B297319007005BF /* GiftView.swift in Sources */ = {isa = PBXBuildFile; fileRef = F73E3C3F2B297319007005BF /* GiftView.swift */; };
		F73E3C422B297321007005BF /* VoucherView.swift in Sources */ = {isa = PBXBuildFile; fileRef = F73E3C412B297321007005BF /* VoucherView.swift */; };
		F73E3C442B297327007005BF /* HotelView.swift in Sources */ = {isa = PBXBuildFile; fileRef = F73E3C432B297327007005BF /* HotelView.swift */; };
		F73E3C462B297521007005BF /* ConvenienceStoreView.swift in Sources */ = {isa = PBXBuildFile; fileRef = F73E3C452B297521007005BF /* ConvenienceStoreView.swift */; };
		F73E3C4C2B299B57007005BF /* SBIceAmericanoView.swift in Sources */ = {isa = PBXBuildFile; fileRef = F73E3C4B2B299B57007005BF /* SBIceAmericanoView.swift */; };
		F73E3C4E2B299B68007005BF /* TPIceAmericanoView.swift in Sources */ = {isa = PBXBuildFile; fileRef = F73E3C4D2B299B68007005BF /* TPIceAmericanoView.swift */; };
		F73E3C502B299B88007005BF /* SBIceLatteView.swift in Sources */ = {isa = PBXBuildFile; fileRef = F73E3C4F2B299B88007005BF /* SBIceLatteView.swift */; };
		F73E3C522B299B8E007005BF /* TPIceLatteView.swift in Sources */ = {isa = PBXBuildFile; fileRef = F73E3C512B299B8E007005BF /* TPIceLatteView.swift */; };
		F77E70232B21A90500B2CD37 /* DotripApp.swift in Sources */ = {isa = PBXBuildFile; fileRef = F77E70222B21A90500B2CD37 /* DotripApp.swift */; };
		F77E70252B21A90500B2CD37 /* ContentView.swift in Sources */ = {isa = PBXBuildFile; fileRef = F77E70242B21A90500B2CD37 /* ContentView.swift */; };
		F77E70272B21A90600B2CD37 /* Assets.xcassets in Resources */ = {isa = PBXBuildFile; fileRef = F77E70262B21A90600B2CD37 /* Assets.xcassets */; };
		F77E702A2B21A90600B2CD37 /* Preview Assets.xcassets in Resources */ = {isa = PBXBuildFile; fileRef = F77E70292B21A90600B2CD37 /* Preview Assets.xcassets */; };
		F7ADCE352B2A8560005648FC /* ProductDetailModel.swift in Sources */ = {isa = PBXBuildFile; fileRef = F7ADCE342B2A8560005648FC /* ProductDetailModel.swift */; };
		F7B61DB22B27040700A13B50 /* MapDetailView.swift in Sources */ = {isa = PBXBuildFile; fileRef = F7B61DB02B27040700A13B50 /* MapDetailView.swift */; };
		F7B61DB32B27040700A13B50 /* MapView.swift in Sources */ = {isa = PBXBuildFile; fileRef = F7B61DB12B27040700A13B50 /* MapView.swift */; };
/* End PBXBuildFile section */

/* Begin PBXFileReference section */
		207AC6E92B26C5C800D3A340 /* MyMissionListView.swift */ = {isa = PBXFileReference; lastKnownFileType = sourcecode.swift; path = MyMissionListView.swift; sourceTree = "<group>"; };
		20A8DA3A2B26C69B00E306D2 /* MyMissionList.swift */ = {isa = PBXFileReference; lastKnownFileType = sourcecode.swift; path = MyMissionList.swift; sourceTree = "<group>"; };
		20A8DA3E2B26C74900E306D2 /* Mission.swift */ = {isa = PBXFileReference; lastKnownFileType = sourcecode.swift; path = Mission.swift; sourceTree = "<group>"; };
		20A8DA402B26C7EC00E306D2 /* MissionStore.swift */ = {isa = PBXFileReference; lastKnownFileType = sourcecode.swift; path = MissionStore.swift; sourceTree = "<group>"; };
		20A8DA422B26C81900E306D2 /* MissionDataLoad.swift */ = {isa = PBXFileReference; lastKnownFileType = sourcecode.swift; path = MissionDataLoad.swift; sourceTree = "<group>"; };
		20A8DA442B26CA8300E306D2 /* MyMissionDetailView.swift */ = {isa = PBXFileReference; lastKnownFileType = sourcecode.swift; path = MyMissionDetailView.swift; sourceTree = "<group>"; };
		20A8DA492B26CB0A00E306D2 /* CameraButtonView.swift */ = {isa = PBXFileReference; lastKnownFileType = sourcecode.swift; path = CameraButtonView.swift; sourceTree = "<group>"; };
		20A8DA4B2B26CB2700E306D2 /* ImagePicker.swift */ = {isa = PBXFileReference; lastKnownFileType = sourcecode.swift; path = ImagePicker.swift; sourceTree = "<group>"; };
		20A8DA4D2B26CC7800E306D2 /* missionData.json */ = {isa = PBXFileReference; lastKnownFileType = text.json; path = missionData.json; sourceTree = "<group>"; };
		7897308F2B29333F002998D8 /* EventDetailView2.swift */ = {isa = PBXFileReference; lastKnownFileType = sourcecode.swift; path = EventDetailView2.swift; sourceTree = "<group>"; };
		970E70EA2B26FBB90005FCFE /* API_KEY.plist */ = {isa = PBXFileReference; fileEncoding = 4; lastKnownFileType = text.plist.xml; path = API_KEY.plist; sourceTree = "<group>"; };
		970E70ED2B26FBEC0005FCFE /* EventInfoAPI.swift */ = {isa = PBXFileReference; fileEncoding = 4; lastKnownFileType = sourcecode.swift; path = EventInfoAPI.swift; sourceTree = "<group>"; };
		970E70EE2B26FBEC0005FCFE /* TourKoreaAPI.swift */ = {isa = PBXFileReference; fileEncoding = 4; lastKnownFileType = sourcecode.swift; path = TourKoreaAPI.swift; sourceTree = "<group>"; };
		970E70EF2B26FBEC0005FCFE /* GetAPIKey.swift */ = {isa = PBXFileReference; fileEncoding = 4; lastKnownFileType = sourcecode.swift; path = GetAPIKey.swift; sourceTree = "<group>"; };
		970E70F62B26FC090005FCFE /* MainPageView.swift */ = {isa = PBXFileReference; fileEncoding = 4; lastKnownFileType = sourcecode.swift; path = MainPageView.swift; sourceTree = "<group>"; };
		970E70F92B26FC1B0005FCFE /* EventDetailView.swift */ = {isa = PBXFileReference; fileEncoding = 4; lastKnownFileType = sourcecode.swift; path = EventDetailView.swift; sourceTree = "<group>"; };
		970E70FA2B26FC1B0005FCFE /* SearchView.swift */ = {isa = PBXFileReference; fileEncoding = 4; lastKnownFileType = sourcecode.swift; path = SearchView.swift; sourceTree = "<group>"; };
		9741EE652B2A940100D2AD1C /* LoadingView.swift */ = {isa = PBXFileReference; lastKnownFileType = sourcecode.swift; path = LoadingView.swift; sourceTree = "<group>"; };
		9741EE672B2A99A300D2AD1C /* ColorExtension.swift */ = {isa = PBXFileReference; fileEncoding = 4; lastKnownFileType = sourcecode.swift; path = ColorExtension.swift; sourceTree = "<group>"; };
		977C89BA2B2933F000E96816 /* TourData.swift */ = {isa = PBXFileReference; fileEncoding = 4; lastKnownFileType = sourcecode.swift; path = TourData.swift; sourceTree = "<group>"; };
		977C89BD2B29340000E96816 /* RemoveHTMLTag.swift */ = {isa = PBXFileReference; fileEncoding = 4; lastKnownFileType = sourcecode.swift; path = RemoveHTMLTag.swift; sourceTree = "<group>"; };
		F71B53AF2B2591F0001AA4EC /* MyPageView.swift */ = {isa = PBXFileReference; lastKnownFileType = sourcecode.swift; path = MyPageView.swift; sourceTree = "<group>"; };
		F71B53BA2B25A961001AA4EC /* QnAView.swift */ = {isa = PBXFileReference; lastKnownFileType = sourcecode.swift; path = QnAView.swift; sourceTree = "<group>"; };
		F71B53BC2B25A985001AA4EC /* EmailInquiryView.swift */ = {isa = PBXFileReference; lastKnownFileType = sourcecode.swift; path = EmailInquiryView.swift; sourceTree = "<group>"; };
		F71B53BE2B25BC0B001AA4EC /* ModifyProfileView.swift */ = {isa = PBXFileReference; lastKnownFileType = sourcecode.swift; path = ModifyProfileView.swift; sourceTree = "<group>"; };
		F71B53C02B26C559001AA4EC /* ImagePicker2.swift */ = {isa = PBXFileReference; lastKnownFileType = sourcecode.swift; path = ImagePicker2.swift; sourceTree = "<group>"; };
		F73E3C322B294D9E007005BF /* PointExchangeView.swift */ = {isa = PBXFileReference; lastKnownFileType = sourcecode.swift; path = PointExchangeView.swift; sourceTree = "<group>"; };
		F73E3C352B2972D1007005BF /* CafeView.swift */ = {isa = PBXFileReference; lastKnownFileType = sourcecode.swift; path = CafeView.swift; sourceTree = "<group>"; };
		F73E3C372B2972EC007005BF /* FastFoodView.swift */ = {isa = PBXFileReference; lastKnownFileType = sourcecode.swift; path = FastFoodView.swift; sourceTree = "<group>"; };
		F73E3C392B297302007005BF /* TheaterView.swift */ = {isa = PBXFileReference; lastKnownFileType = sourcecode.swift; path = TheaterView.swift; sourceTree = "<group>"; };
		F73E3C3B2B297309007005BF /* LeisureView.swift */ = {isa = PBXFileReference; lastKnownFileType = sourcecode.swift; path = LeisureView.swift; sourceTree = "<group>"; };
		F73E3C3D2B297311007005BF /* DiscountView.swift */ = {isa = PBXFileReference; lastKnownFileType = sourcecode.swift; path = DiscountView.swift; sourceTree = "<group>"; };
		F73E3C3F2B297319007005BF /* GiftView.swift */ = {isa = PBXFileReference; lastKnownFileType = sourcecode.swift; path = GiftView.swift; sourceTree = "<group>"; };
		F73E3C412B297321007005BF /* VoucherView.swift */ = {isa = PBXFileReference; lastKnownFileType = sourcecode.swift; path = VoucherView.swift; sourceTree = "<group>"; };
		F73E3C432B297327007005BF /* HotelView.swift */ = {isa = PBXFileReference; lastKnownFileType = sourcecode.swift; path = HotelView.swift; sourceTree = "<group>"; };
		F73E3C452B297521007005BF /* ConvenienceStoreView.swift */ = {isa = PBXFileReference; lastKnownFileType = sourcecode.swift; path = ConvenienceStoreView.swift; sourceTree = "<group>"; };
		F73E3C4B2B299B57007005BF /* SBIceAmericanoView.swift */ = {isa = PBXFileReference; lastKnownFileType = sourcecode.swift; path = SBIceAmericanoView.swift; sourceTree = "<group>"; };
		F73E3C4D2B299B68007005BF /* TPIceAmericanoView.swift */ = {isa = PBXFileReference; lastKnownFileType = sourcecode.swift; path = TPIceAmericanoView.swift; sourceTree = "<group>"; };
		F73E3C4F2B299B88007005BF /* SBIceLatteView.swift */ = {isa = PBXFileReference; lastKnownFileType = sourcecode.swift; path = SBIceLatteView.swift; sourceTree = "<group>"; };
		F73E3C512B299B8E007005BF /* TPIceLatteView.swift */ = {isa = PBXFileReference; lastKnownFileType = sourcecode.swift; path = TPIceLatteView.swift; sourceTree = "<group>"; };
		F77E701F2B21A90500B2CD37 /* Dotrip.app */ = {isa = PBXFileReference; explicitFileType = wrapper.application; includeInIndex = 0; path = Dotrip.app; sourceTree = BUILT_PRODUCTS_DIR; };
		F77E70222B21A90500B2CD37 /* DotripApp.swift */ = {isa = PBXFileReference; lastKnownFileType = sourcecode.swift; path = DotripApp.swift; sourceTree = "<group>"; };
		F77E70242B21A90500B2CD37 /* ContentView.swift */ = {isa = PBXFileReference; lastKnownFileType = sourcecode.swift; path = ContentView.swift; sourceTree = "<group>"; };
		F77E70262B21A90600B2CD37 /* Assets.xcassets */ = {isa = PBXFileReference; lastKnownFileType = folder.assetcatalog; path = Assets.xcassets; sourceTree = "<group>"; };
		F77E70292B21A90600B2CD37 /* Preview Assets.xcassets */ = {isa = PBXFileReference; lastKnownFileType = folder.assetcatalog; path = "Preview Assets.xcassets"; sourceTree = "<group>"; };
		F7ADCE342B2A8560005648FC /* ProductDetailModel.swift */ = {isa = PBXFileReference; lastKnownFileType = sourcecode.swift; path = ProductDetailModel.swift; sourceTree = "<group>"; };
		F7B61DB02B27040700A13B50 /* MapDetailView.swift */ = {isa = PBXFileReference; fileEncoding = 4; lastKnownFileType = sourcecode.swift; path = MapDetailView.swift; sourceTree = "<group>"; };
		F7B61DB12B27040700A13B50 /* MapView.swift */ = {isa = PBXFileReference; fileEncoding = 4; lastKnownFileType = sourcecode.swift; path = MapView.swift; sourceTree = "<group>"; };
/* End PBXFileReference section */

/* Begin PBXFrameworksBuildPhase section */
		F77E701C2B21A90500B2CD37 /* Frameworks */ = {
			isa = PBXFrameworksBuildPhase;
			buildActionMask = 2147483647;
			files = (
				78E7AEE32B294C4700933ECD /* ExpandableText in Frameworks */,
			);
			runOnlyForDeploymentPostprocessing = 0;
		};
/* End PBXFrameworksBuildPhase section */

/* Begin PBXGroup section */
		207AC6E82B26C59B00D3A340 /* MyMission */ = {
			isa = PBXGroup;
			children = (
				20A8DA462B26CAAC00E306D2 /* Camera */,
				20A8DA392B26C65700E306D2 /* MissionData */,
				207AC6E92B26C5C800D3A340 /* MyMissionListView.swift */,
				20A8DA442B26CA8300E306D2 /* MyMissionDetailView.swift */,
				20A8DA3A2B26C69B00E306D2 /* MyMissionList.swift */,
			);
			path = MyMission;
			sourceTree = "<group>";
		};
		20A8DA392B26C65700E306D2 /* MissionData */ = {
			isa = PBXGroup;
			children = (
				20A8DA3E2B26C74900E306D2 /* Mission.swift */,
				20A8DA402B26C7EC00E306D2 /* MissionStore.swift */,
				20A8DA422B26C81900E306D2 /* MissionDataLoad.swift */,
				20A8DA4D2B26CC7800E306D2 /* missionData.json */,
			);
			path = MissionData;
			sourceTree = "<group>";
		};
		20A8DA462B26CAAC00E306D2 /* Camera */ = {
			isa = PBXGroup;
			children = (
				20A8DA4B2B26CB2700E306D2 /* ImagePicker.swift */,
				20A8DA492B26CB0A00E306D2 /* CameraButtonView.swift */,
			);
			path = Camera;
			sourceTree = "<group>";
		};
		970E70EC2B26FBD90005FCFE /* TourKoreaAPI */ = {
			isa = PBXGroup;
			children = (
				970E70ED2B26FBEC0005FCFE /* EventInfoAPI.swift */,
				970E70EF2B26FBEC0005FCFE /* GetAPIKey.swift */,
				970E70EE2B26FBEC0005FCFE /* TourKoreaAPI.swift */,
			);
			path = TourKoreaAPI;
			sourceTree = "<group>";
		};
		970E70F52B26FBF50005FCFE /* MainPage */ = {
			isa = PBXGroup;
			children = (
				970E70F62B26FC090005FCFE /* MainPageView.swift */,
			);
			path = MainPage;
			sourceTree = "<group>";
		};
		970E70F82B26FC0C0005FCFE /* SearchPage */ = {
			isa = PBXGroup;
			children = (
				970E70F92B26FC1B0005FCFE /* EventDetailView.swift */,
				970E70FA2B26FC1B0005FCFE /* SearchView.swift */,
				7897308F2B29333F002998D8 /* EventDetailView2.swift */,
			);
			path = SearchPage;
			sourceTree = "<group>";
		};
		977C89B92B2933E300E96816 /* ToreData */ = {
			isa = PBXGroup;
			children = (
				977C89BA2B2933F000E96816 /* TourData.swift */,
			);
			path = ToreData;
			sourceTree = "<group>";
		};
		977C89BC2B2933F600E96816 /* Extention */ = {
			isa = PBXGroup;
			children = (
				9741EE672B2A99A300D2AD1C /* ColorExtension.swift */,
				977C89BD2B29340000E96816 /* RemoveHTMLTag.swift */,
			);
			path = Extention;
			sourceTree = "<group>";
		};
		F71B53B32B259C13001AA4EC /* MyPage */ = {
			isa = PBXGroup;
			children = (
				F71B53AF2B2591F0001AA4EC /* MyPageView.swift */,
				F71B53BE2B25BC0B001AA4EC /* ModifyProfileView.swift */,
				F71B53C02B26C559001AA4EC /* ImagePicker2.swift */,
				F71B53B62B25A8D8001AA4EC /* CustomerService */,
			);
			path = MyPage;
			sourceTree = "<group>";
		};
		F71B53B62B25A8D8001AA4EC /* CustomerService */ = {
			isa = PBXGroup;
			children = (
				F71B53BA2B25A961001AA4EC /* QnAView.swift */,
				F71B53BC2B25A985001AA4EC /* EmailInquiryView.swift */,
			);
			path = CustomerService;
			sourceTree = "<group>";
		};
		F73E3C312B294D71007005BF /* PointView */ = {
			isa = PBXGroup;
			children = (
				F73E3C342B2972B6007005BF /* PointCategory */,
				F73E3C322B294D9E007005BF /* PointExchangeView.swift */,
			);
			path = PointView;
			sourceTree = "<group>";
		};
		F73E3C342B2972B6007005BF /* PointCategory */ = {
			isa = PBXGroup;
			children = (
				F73E3C452B297521007005BF /* ConvenienceStoreView.swift */,
				F73E3C352B2972D1007005BF /* CafeView.swift */,
				F73E3C4A2B299B22007005BF /* CafeDetailView */,
				F73E3C372B2972EC007005BF /* FastFoodView.swift */,
				F73E3C392B297302007005BF /* TheaterView.swift */,
				F73E3C3B2B297309007005BF /* LeisureView.swift */,
				F73E3C3D2B297311007005BF /* DiscountView.swift */,
				F73E3C3F2B297319007005BF /* GiftView.swift */,
				F73E3C412B297321007005BF /* VoucherView.swift */,
				F73E3C432B297327007005BF /* HotelView.swift */,
			);
			path = PointCategory;
			sourceTree = "<group>";
		};
		F73E3C4A2B299B22007005BF /* CafeDetailView */ = {
			isa = PBXGroup;
			children = (
				F73E3C4B2B299B57007005BF /* SBIceAmericanoView.swift */,
				F73E3C4F2B299B88007005BF /* SBIceLatteView.swift */,
				F73E3C4D2B299B68007005BF /* TPIceAmericanoView.swift */,
				F73E3C512B299B8E007005BF /* TPIceLatteView.swift */,
			);
			path = CafeDetailView;
			sourceTree = "<group>";
		};
		F77E70162B21A90500B2CD37 = {
			isa = PBXGroup;
			children = (
				F77E70212B21A90500B2CD37 /* Dotrip */,
				F77E70202B21A90500B2CD37 /* Products */,
			);
			sourceTree = "<group>";
		};
		F77E70202B21A90500B2CD37 /* Products */ = {
			isa = PBXGroup;
			children = (
				F77E701F2B21A90500B2CD37 /* Dotrip.app */,
			);
			name = Products;
			sourceTree = "<group>";
		};
		F77E70212B21A90500B2CD37 /* Dotrip */ = {
			isa = PBXGroup;
			children = (
				F77E70302B21AE5900B2CD37 /* Models */,
				F77E70312B21AE6500B2CD37 /* Views */,
				F77E70322B21AE6E00B2CD37 /* Controllers */,
				F77E70222B21A90500B2CD37 /* DotripApp.swift */,
				F77E70242B21A90500B2CD37 /* ContentView.swift */,
				F77E70262B21A90600B2CD37 /* Assets.xcassets */,
				970E70EA2B26FBB90005FCFE /* API_KEY.plist */,
				F77E70282B21A90600B2CD37 /* Preview Content */,
			);
			path = Dotrip;
			sourceTree = "<group>";
		};
		F77E70282B21A90600B2CD37 /* Preview Content */ = {
			isa = PBXGroup;
			children = (
				F77E70292B21A90600B2CD37 /* Preview Assets.xcassets */,
			);
			path = "Preview Content";
			sourceTree = "<group>";
		};
		F77E70302B21AE5900B2CD37 /* Models */ = {
			isa = PBXGroup;
			children = (
				F7ADCE342B2A8560005648FC /* ProductDetailModel.swift */,
				977C89B92B2933E300E96816 /* ToreData */,
				F77E70352B21B6BD00B2CD37 /* CoreData */,
			);
			path = Models;
			sourceTree = "<group>";
		};
		F77E70312B21AE6500B2CD37 /* Views */ = {
			isa = PBXGroup;
			children = (
				970E70F82B26FC0C0005FCFE /* SearchPage */,
				970E70F52B26FBF50005FCFE /* MainPage */,
				F7B61DAF2B27040700A13B50 /* MapSearch */,
				207AC6E82B26C59B00D3A340 /* MyMission */,
				F73E3C312B294D71007005BF /* PointView */,
				F71B53B32B259C13001AA4EC /* MyPage */,
				9741EE652B2A940100D2AD1C /* LoadingView.swift */,
			);
			path = Views;
			sourceTree = "<group>";
		};
		F77E70322B21AE6E00B2CD37 /* Controllers */ = {
			isa = PBXGroup;
			children = (
				977C89BC2B2933F600E96816 /* Extention */,
				970E70EC2B26FBD90005FCFE /* TourKoreaAPI */,
			);
			path = Controllers;
			sourceTree = "<group>";
		};
		F77E70352B21B6BD00B2CD37 /* CoreData */ = {
			isa = PBXGroup;
			children = (
			);
			path = CoreData;
			sourceTree = "<group>";
		};
		F7B61DAF2B27040700A13B50 /* MapSearch */ = {
			isa = PBXGroup;
			children = (
				F7B61DB02B27040700A13B50 /* MapDetailView.swift */,
				F7B61DB12B27040700A13B50 /* MapView.swift */,
			);
			path = MapSearch;
			sourceTree = "<group>";
		};
/* End PBXGroup section */

/* Begin PBXNativeTarget section */
		F77E701E2B21A90500B2CD37 /* Dotrip */ = {
			isa = PBXNativeTarget;
			buildConfigurationList = F77E702D2B21A90600B2CD37 /* Build configuration list for PBXNativeTarget "Dotrip" */;
			buildPhases = (
				F77E701B2B21A90500B2CD37 /* Sources */,
				F77E701C2B21A90500B2CD37 /* Frameworks */,
				F77E701D2B21A90500B2CD37 /* Resources */,
			);
			buildRules = (
			);
			dependencies = (
			);
			name = Dotrip;
			packageProductDependencies = (
				78E7AEE22B294C4700933ECD /* ExpandableText */,
			);
			productName = Dotrip;
			productReference = F77E701F2B21A90500B2CD37 /* Dotrip.app */;
			productType = "com.apple.product-type.application";
		};
/* End PBXNativeTarget section */

/* Begin PBXProject section */
		F77E70172B21A90500B2CD37 /* Project object */ = {
			isa = PBXProject;
			attributes = {
				BuildIndependentTargetsInParallel = 1;
				LastSwiftUpdateCheck = 1500;
				LastUpgradeCheck = 1500;
				TargetAttributes = {
					F77E701E2B21A90500B2CD37 = {
						CreatedOnToolsVersion = 15.0.1;
					};
				};
			};
			buildConfigurationList = F77E701A2B21A90500B2CD37 /* Build configuration list for PBXProject "Dotrip" */;
			compatibilityVersion = "Xcode 14.0";
			developmentRegion = en;
			hasScannedForEncodings = 0;
			knownRegions = (
				en,
				Base,
			);
			mainGroup = F77E70162B21A90500B2CD37;
			packageReferences = (
				78E7AEE12B294C4600933ECD /* XCRemoteSwiftPackageReference "ExpandableText" */,
			);
			productRefGroup = F77E70202B21A90500B2CD37 /* Products */;
			projectDirPath = "";
			projectRoot = "";
			targets = (
				F77E701E2B21A90500B2CD37 /* Dotrip */,
			);
		};
/* End PBXProject section */

/* Begin PBXResourcesBuildPhase section */
		F77E701D2B21A90500B2CD37 /* Resources */ = {
			isa = PBXResourcesBuildPhase;
			buildActionMask = 2147483647;
			files = (
				F77E702A2B21A90600B2CD37 /* Preview Assets.xcassets in Resources */,
				970E70EB2B26FBB90005FCFE /* API_KEY.plist in Resources */,
				20A8DA4E2B26CC7800E306D2 /* missionData.json in Resources */,
				F77E70272B21A90600B2CD37 /* Assets.xcassets in Resources */,
			);
			runOnlyForDeploymentPostprocessing = 0;
		};
/* End PBXResourcesBuildPhase section */

/* Begin PBXSourcesBuildPhase section */
		F77E701B2B21A90500B2CD37 /* Sources */ = {
			isa = PBXSourcesBuildPhase;
			buildActionMask = 2147483647;
			files = (
				9741EE662B2A940100D2AD1C /* LoadingView.swift in Sources */,
				F73E3C4C2B299B57007005BF /* SBIceAmericanoView.swift in Sources */,
				20A8DA3F2B26C74A00E306D2 /* Mission.swift in Sources */,
				970E70F72B26FC090005FCFE /* MainPageView.swift in Sources */,
				20A8DA4A2B26CB0A00E306D2 /* CameraButtonView.swift in Sources */,
				970E70F32B26FBEC0005FCFE /* GetAPIKey.swift in Sources */,
				977C89BE2B29340000E96816 /* RemoveHTMLTag.swift in Sources */,
				970E70F12B26FBEC0005FCFE /* EventInfoAPI.swift in Sources */,
				F73E3C442B297327007005BF /* HotelView.swift in Sources */,
				F73E3C422B297321007005BF /* VoucherView.swift in Sources */,
				F73E3C502B299B88007005BF /* SBIceLatteView.swift in Sources */,
				F7B61DB32B27040700A13B50 /* MapView.swift in Sources */,
				20A8DA4C2B26CB2700E306D2 /* ImagePicker.swift in Sources */,
				F73E3C522B299B8E007005BF /* TPIceLatteView.swift in Sources */,
				789730902B29333F002998D8 /* EventDetailView2.swift in Sources */,
				F7B61DB22B27040700A13B50 /* MapDetailView.swift in Sources */,
				F73E3C362B2972D1007005BF /* CafeView.swift in Sources */,
				970E70FB2B26FC1B0005FCFE /* EventDetailView.swift in Sources */,
				F71B53BF2B25BC0B001AA4EC /* ModifyProfileView.swift in Sources */,
				F71B53BB2B25A961001AA4EC /* QnAView.swift in Sources */,
				F73E3C4E2B299B68007005BF /* TPIceAmericanoView.swift in Sources */,
				F71B53C12B26C559001AA4EC /* ImagePicker2.swift in Sources */,
				F77E70252B21A90500B2CD37 /* ContentView.swift in Sources */,
				F73E3C3C2B297309007005BF /* LeisureView.swift in Sources */,
				977C89BB2B2933F000E96816 /* TourData.swift in Sources */,
				20A8DA432B26C81900E306D2 /* MissionDataLoad.swift in Sources */,
				F71B53B02B2591F0001AA4EC /* MyPageView.swift in Sources */,
				F73E3C3A2B297302007005BF /* TheaterView.swift in Sources */,
				F73E3C382B2972EC007005BF /* FastFoodView.swift in Sources */,
				F7ADCE352B2A8560005648FC /* ProductDetailModel.swift in Sources */,
				970E70FC2B26FC1B0005FCFE /* SearchView.swift in Sources */,
				9741EE682B2A99A300D2AD1C /* ColorExtension.swift in Sources */,
				F71B53BD2B25A985001AA4EC /* EmailInquiryView.swift in Sources */,
				20A8DA452B26CA8300E306D2 /* MyMissionDetailView.swift in Sources */,
				20A8DA3B2B26C69B00E306D2 /* MyMissionList.swift in Sources */,
				F73E3C332B294D9E007005BF /* PointExchangeView.swift in Sources */,
				20A8DA412B26C7EC00E306D2 /* MissionStore.swift in Sources */,
				970E70F22B26FBEC0005FCFE /* TourKoreaAPI.swift in Sources */,
				F73E3C462B297521007005BF /* ConvenienceStoreView.swift in Sources */,
				F73E3C3E2B297311007005BF /* DiscountView.swift in Sources */,
				207AC6EA2B26C5C800D3A340 /* MyMissionListView.swift in Sources */,
				F73E3C402B297319007005BF /* GiftView.swift in Sources */,
				F77E70232B21A90500B2CD37 /* DotripApp.swift in Sources */,
			);
			runOnlyForDeploymentPostprocessing = 0;
		};
/* End PBXSourcesBuildPhase section */

/* Begin XCBuildConfiguration section */
		F77E702B2B21A90600B2CD37 /* Debug */ = {
			isa = XCBuildConfiguration;
			buildSettings = {
				ALWAYS_SEARCH_USER_PATHS = NO;
				ASSETCATALOG_COMPILER_GENERATE_SWIFT_ASSET_SYMBOL_EXTENSIONS = YES;
				CLANG_ANALYZER_NONNULL = YES;
				CLANG_ANALYZER_NUMBER_OBJECT_CONVERSION = YES_AGGRESSIVE;
				CLANG_CXX_LANGUAGE_STANDARD = "gnu++20";
				CLANG_ENABLE_MODULES = YES;
				CLANG_ENABLE_OBJC_ARC = YES;
				CLANG_ENABLE_OBJC_WEAK = YES;
				CLANG_WARN_BLOCK_CAPTURE_AUTORELEASING = YES;
				CLANG_WARN_BOOL_CONVERSION = YES;
				CLANG_WARN_COMMA = YES;
				CLANG_WARN_CONSTANT_CONVERSION = YES;
				CLANG_WARN_DEPRECATED_OBJC_IMPLEMENTATIONS = YES;
				CLANG_WARN_DIRECT_OBJC_ISA_USAGE = YES_ERROR;
				CLANG_WARN_DOCUMENTATION_COMMENTS = YES;
				CLANG_WARN_EMPTY_BODY = YES;
				CLANG_WARN_ENUM_CONVERSION = YES;
				CLANG_WARN_INFINITE_RECURSION = YES;
				CLANG_WARN_INT_CONVERSION = YES;
				CLANG_WARN_NON_LITERAL_NULL_CONVERSION = YES;
				CLANG_WARN_OBJC_IMPLICIT_RETAIN_SELF = YES;
				CLANG_WARN_OBJC_LITERAL_CONVERSION = YES;
				CLANG_WARN_OBJC_ROOT_CLASS = YES_ERROR;
				CLANG_WARN_QUOTED_INCLUDE_IN_FRAMEWORK_HEADER = YES;
				CLANG_WARN_RANGE_LOOP_ANALYSIS = YES;
				CLANG_WARN_STRICT_PROTOTYPES = YES;
				CLANG_WARN_SUSPICIOUS_MOVE = YES;
				CLANG_WARN_UNGUARDED_AVAILABILITY = YES_AGGRESSIVE;
				CLANG_WARN_UNREACHABLE_CODE = YES;
				CLANG_WARN__DUPLICATE_METHOD_MATCH = YES;
				COPY_PHASE_STRIP = NO;
				DEBUG_INFORMATION_FORMAT = dwarf;
				ENABLE_STRICT_OBJC_MSGSEND = YES;
				ENABLE_TESTABILITY = YES;
				ENABLE_USER_SCRIPT_SANDBOXING = YES;
				GCC_C_LANGUAGE_STANDARD = gnu17;
				GCC_DYNAMIC_NO_PIC = NO;
				GCC_NO_COMMON_BLOCKS = YES;
				GCC_OPTIMIZATION_LEVEL = 0;
				GCC_PREPROCESSOR_DEFINITIONS = (
					"DEBUG=1",
					"$(inherited)",
				);
				GCC_WARN_64_TO_32_BIT_CONVERSION = YES;
				GCC_WARN_ABOUT_RETURN_TYPE = YES_ERROR;
				GCC_WARN_UNDECLARED_SELECTOR = YES;
				GCC_WARN_UNINITIALIZED_AUTOS = YES_AGGRESSIVE;
				GCC_WARN_UNUSED_FUNCTION = YES;
				GCC_WARN_UNUSED_VARIABLE = YES;
				IPHONEOS_DEPLOYMENT_TARGET = 16.4;
				LOCALIZATION_PREFERS_STRING_CATALOGS = YES;
				MTL_ENABLE_DEBUG_INFO = INCLUDE_SOURCE;
				MTL_FAST_MATH = YES;
				ONLY_ACTIVE_ARCH = YES;
				SDKROOT = iphoneos;
				SWIFT_ACTIVE_COMPILATION_CONDITIONS = "DEBUG $(inherited)";
				SWIFT_OPTIMIZATION_LEVEL = "-Onone";
			};
			name = Debug;
		};
		F77E702C2B21A90600B2CD37 /* Release */ = {
			isa = XCBuildConfiguration;
			buildSettings = {
				ALWAYS_SEARCH_USER_PATHS = NO;
				ASSETCATALOG_COMPILER_GENERATE_SWIFT_ASSET_SYMBOL_EXTENSIONS = YES;
				CLANG_ANALYZER_NONNULL = YES;
				CLANG_ANALYZER_NUMBER_OBJECT_CONVERSION = YES_AGGRESSIVE;
				CLANG_CXX_LANGUAGE_STANDARD = "gnu++20";
				CLANG_ENABLE_MODULES = YES;
				CLANG_ENABLE_OBJC_ARC = YES;
				CLANG_ENABLE_OBJC_WEAK = YES;
				CLANG_WARN_BLOCK_CAPTURE_AUTORELEASING = YES;
				CLANG_WARN_BOOL_CONVERSION = YES;
				CLANG_WARN_COMMA = YES;
				CLANG_WARN_CONSTANT_CONVERSION = YES;
				CLANG_WARN_DEPRECATED_OBJC_IMPLEMENTATIONS = YES;
				CLANG_WARN_DIRECT_OBJC_ISA_USAGE = YES_ERROR;
				CLANG_WARN_DOCUMENTATION_COMMENTS = YES;
				CLANG_WARN_EMPTY_BODY = YES;
				CLANG_WARN_ENUM_CONVERSION = YES;
				CLANG_WARN_INFINITE_RECURSION = YES;
				CLANG_WARN_INT_CONVERSION = YES;
				CLANG_WARN_NON_LITERAL_NULL_CONVERSION = YES;
				CLANG_WARN_OBJC_IMPLICIT_RETAIN_SELF = YES;
				CLANG_WARN_OBJC_LITERAL_CONVERSION = YES;
				CLANG_WARN_OBJC_ROOT_CLASS = YES_ERROR;
				CLANG_WARN_QUOTED_INCLUDE_IN_FRAMEWORK_HEADER = YES;
				CLANG_WARN_RANGE_LOOP_ANALYSIS = YES;
				CLANG_WARN_STRICT_PROTOTYPES = YES;
				CLANG_WARN_SUSPICIOUS_MOVE = YES;
				CLANG_WARN_UNGUARDED_AVAILABILITY = YES_AGGRESSIVE;
				CLANG_WARN_UNREACHABLE_CODE = YES;
				CLANG_WARN__DUPLICATE_METHOD_MATCH = YES;
				COPY_PHASE_STRIP = NO;
				DEBUG_INFORMATION_FORMAT = "dwarf-with-dsym";
				ENABLE_NS_ASSERTIONS = NO;
				ENABLE_STRICT_OBJC_MSGSEND = YES;
				ENABLE_USER_SCRIPT_SANDBOXING = YES;
				GCC_C_LANGUAGE_STANDARD = gnu17;
				GCC_NO_COMMON_BLOCKS = YES;
				GCC_WARN_64_TO_32_BIT_CONVERSION = YES;
				GCC_WARN_ABOUT_RETURN_TYPE = YES_ERROR;
				GCC_WARN_UNDECLARED_SELECTOR = YES;
				GCC_WARN_UNINITIALIZED_AUTOS = YES_AGGRESSIVE;
				GCC_WARN_UNUSED_FUNCTION = YES;
				GCC_WARN_UNUSED_VARIABLE = YES;
				IPHONEOS_DEPLOYMENT_TARGET = 16.4;
				LOCALIZATION_PREFERS_STRING_CATALOGS = YES;
				MTL_ENABLE_DEBUG_INFO = NO;
				MTL_FAST_MATH = YES;
				SDKROOT = iphoneos;
				SWIFT_COMPILATION_MODE = wholemodule;
				VALIDATE_PRODUCT = YES;
			};
			name = Release;
		};
		F77E702E2B21A90600B2CD37 /* Debug */ = {
			isa = XCBuildConfiguration;
			buildSettings = {
				ASSETCATALOG_COMPILER_APPICON_NAME = AppIcon;
				ASSETCATALOG_COMPILER_GLOBAL_ACCENT_COLOR_NAME = AccentColor;
				CODE_SIGN_STYLE = Automatic;
				CURRENT_PROJECT_VERSION = 1;
				DEVELOPMENT_ASSET_PATHS = "\"Dotrip/Preview Content\"";
				ENABLE_PREVIEWS = YES;
				GENERATE_INFOPLIST_FILE = YES;
				INFOPLIST_FILE = Dotrip/Info.plist;
				INFOPLIST_KEY_UIApplicationSceneManifest_Generation = YES;
				INFOPLIST_KEY_UIApplicationSupportsIndirectInputEvents = YES;
				INFOPLIST_KEY_UILaunchScreen_Generation = YES;
				INFOPLIST_KEY_UISupportedInterfaceOrientations = UIInterfaceOrientationPortrait;
				INFOPLIST_KEY_UISupportedInterfaceOrientations_iPad = "UIInterfaceOrientationLandscapeLeft UIInterfaceOrientationLandscapeRight UIInterfaceOrientationPortrait UIInterfaceOrientationPortraitUpsideDown";
				IPHONEOS_DEPLOYMENT_TARGET = 16.4;
				LD_RUNPATH_SEARCH_PATHS = (
					"$(inherited)",
					"@executable_path/Frameworks",
				);
				MARKETING_VERSION = 1.0;
				PRODUCT_BUNDLE_IDENTIFIER = com.hh.Dotrip;
				PRODUCT_NAME = "$(TARGET_NAME)";
				SWIFT_EMIT_LOC_STRINGS = YES;
				SWIFT_VERSION = 5.0;
				TARGETED_DEVICE_FAMILY = "1,2";
			};
			name = Debug;
		};
		F77E702F2B21A90600B2CD37 /* Release */ = {
			isa = XCBuildConfiguration;
			buildSettings = {
				ASSETCATALOG_COMPILER_APPICON_NAME = AppIcon;
				ASSETCATALOG_COMPILER_GLOBAL_ACCENT_COLOR_NAME = AccentColor;
				CODE_SIGN_STYLE = Automatic;
				CURRENT_PROJECT_VERSION = 1;
				DEVELOPMENT_ASSET_PATHS = "\"Dotrip/Preview Content\"";
				ENABLE_PREVIEWS = YES;
				GENERATE_INFOPLIST_FILE = YES;
				INFOPLIST_FILE = Dotrip/Info.plist;
				INFOPLIST_KEY_UIApplicationSceneManifest_Generation = YES;
				INFOPLIST_KEY_UIApplicationSupportsIndirectInputEvents = YES;
				INFOPLIST_KEY_UILaunchScreen_Generation = YES;
				INFOPLIST_KEY_UISupportedInterfaceOrientations = UIInterfaceOrientationPortrait;
				INFOPLIST_KEY_UISupportedInterfaceOrientations_iPad = "UIInterfaceOrientationLandscapeLeft UIInterfaceOrientationLandscapeRight UIInterfaceOrientationPortrait UIInterfaceOrientationPortraitUpsideDown";
				IPHONEOS_DEPLOYMENT_TARGET = 16.4;
				LD_RUNPATH_SEARCH_PATHS = (
					"$(inherited)",
					"@executable_path/Frameworks",
				);
				MARKETING_VERSION = 1.0;
				PRODUCT_BUNDLE_IDENTIFIER = com.hh.Dotrip;
				PRODUCT_NAME = "$(TARGET_NAME)";
				SWIFT_EMIT_LOC_STRINGS = YES;
				SWIFT_VERSION = 5.0;
				TARGETED_DEVICE_FAMILY = "1,2";
			};
			name = Release;
		};
/* End XCBuildConfiguration section */

/* Begin XCConfigurationList section */
		F77E701A2B21A90500B2CD37 /* Build configuration list for PBXProject "Dotrip" */ = {
			isa = XCConfigurationList;
			buildConfigurations = (
				F77E702B2B21A90600B2CD37 /* Debug */,
				F77E702C2B21A90600B2CD37 /* Release */,
			);
			defaultConfigurationIsVisible = 0;
			defaultConfigurationName = Release;
		};
		F77E702D2B21A90600B2CD37 /* Build configuration list for PBXNativeTarget "Dotrip" */ = {
			isa = XCConfigurationList;
			buildConfigurations = (
				F77E702E2B21A90600B2CD37 /* Debug */,
				F77E702F2B21A90600B2CD37 /* Release */,
			);
			defaultConfigurationIsVisible = 0;
			defaultConfigurationName = Release;
		};
/* End XCConfigurationList section */

/* Begin XCRemoteSwiftPackageReference section */
		78E7AEE12B294C4600933ECD /* XCRemoteSwiftPackageReference "ExpandableText" */ = {
			isa = XCRemoteSwiftPackageReference;
			repositoryURL = "https://github.com/NuPlay/ExpandableText.git";
			requirement = {
				kind = upToNextMajorVersion;
				minimumVersion = 1.2.0;
			};
		};
/* End XCRemoteSwiftPackageReference section */

/* Begin XCSwiftPackageProductDependency section */
		78E7AEE22B294C4700933ECD /* ExpandableText */ = {
			isa = XCSwiftPackageProductDependency;
			package = 78E7AEE12B294C4600933ECD /* XCRemoteSwiftPackageReference "ExpandableText" */;
			productName = ExpandableText;
		};
/* End XCSwiftPackageProductDependency section */
	};
	rootObject = F77E70172B21A90500B2CD37 /* Project object */;
}
